
Microsoft Visual Studio Solution File, Format Version 12.00
# Visual Studio Version 18
VisualStudioVersion = 18.6.11828.311
MinimumVisualStudioVersion = 10.0.40219.1
Project("{FAE04EC0-301F-11D3-BF4B-00C04F79EFBC}") = "Rotomeca.Utils.Core", "Rotomeca.Utils.Core\Rotomeca.Utils.Core.csproj", "{8057A156-FA5A-4266-BC0B-8362296A5CE0}"
EndProject
Project("{FAE04EC0-301F-11D3-BF4B-00C04F79EFBC}") = "Rotomeca.Utils.Tests", "Rotomeca.Utils.Tests\Rotomeca.Utils.Tests.csproj", "{E9CB165F-4F23-8B16-C0B0-5D1C7F39D2EE}"
EndProject
Project("{2150E333-8FDC-42A3-9474-1A3956D46DE8}") = "Éléments de solution", "Éléments de solution", "{49AFC896-3C4A-440C-8E58-EBED109D50EE}"
	ProjectSection(SolutionItems) = preProject
		.gitattributes = .gitattributes
		.gitignore = .gitignore
		docfx.json = docfx.json
		index.md = index.md
		README.md = README.md
		toc.yml = toc.yml
	EndProjectSection
EndProject
Global
	GlobalSection(SolutionConfigurationPlatforms) = preSolution
		Debug|Any CPU = Debug|Any CPU
		Release|Any CPU = Release|Any CPU
	EndGlobalSection
	GlobalSection(ProjectConfigurationPlatforms) = postSolution
		{8057A156-FA5A-4266-BC0B-8362296A5CE0}.Debug|Any CPU.ActiveCfg = Debug|Any CPU
		{8057A156-FA5A-4266-BC0B-8362296A5CE0}.Debug|Any CPU.Build.0 = Debug|Any CPU
		{8057A156-FA5A-4266-BC0B-8362296A5CE0}.Release|Any CPU.ActiveCfg = Release|Any CPU
		{8057A156-FA5A-4266-BC0B-8362296A5CE0}.Release|Any CPU.Build.0 = Release|Any CPU
		{E9CB165F-4F23-8B16-C0B0-5D1C7F39D2EE}.Debug|Any CPU.ActiveCfg = Debug|Any CPU
		{E9CB165F-4F23-8B16-C0B0-5D1C7F39D2EE}.Debug|Any CPU.Build.0 = Debug|Any CPU
		{E9CB165F-4F23-8B16-C0B0-5D1C7F39D2EE}.Release|Any CPU.ActiveCfg = Release|Any CPU
		{E9CB165F-4F23-8B16-C0B0-5D1C7F39D2EE}.Release|Any CPU.Build.0 = Release|Any CPU
	EndGlobalSection
	GlobalSection(SolutionProperties) = preSolution
		HideSolutionNode = FALSE
	EndGlobalSection
	GlobalSection(ExtensibilityGlobals) = postSolution
		SolutionGuid = {E6001F0D-C64F-4412-A510-CE73E06C0C2F}
	EndGlobalSection
EndGlobal
